{
  "lockfileVersion": 1,
  "configVersion": 1,
  "workspaces": {
    "": {
      "name": "bun",
      "dependencies": {
        "@twurple/chat": "^8.1.2",
        "ajv": "^8.18.0",
      },
      "devDependencies": {
        "@types/bun": "latest",
        "prettier": "^3.8.1",
      },
      "peerDependencies": {
        "typescript": "^5",
      },
    },
  },
  "packages": {
    "@d-fischer/cache-decorators": ["@d-fischer/cache-decorators@4.0.1", "", { "dependencies": { "@d-fischer/shared-utils": "^3.6.3", "tslib": "^2.6.2" } }, "sha512-HNYLBLWs/t28GFZZeqdIBqq8f37mqDIFO6xNPof94VjpKvuP6ROqCZGafx88dk5zZUlBfViV9jD8iNNlXfc4CA=="],

    "@d-fischer/connection": ["@d-fischer/connection@10.0.1", "", { "dependencies": { "@d-fischer/isomorphic-ws": "^7.0.0", "@d-fischer/logger": "^4.2.1", "@d-fischer/shared-utils": "^3.5.0", "@d-fischer/typed-event-emitter": "^3.3.0", "@types/node": "^20.19.37", "@types/ws": "^8.5.4", "tslib": "^2.4.1", "ws": "^8.11.0" } }, "sha512-CRP/azUPxwWpR4yT8wOQoM9XFliTVWVAJ8h1SlFnVRAgMlPNyg88/vbDEqZ+udtSB5m8uS10XafZxMUcegMBlQ=="],

    "@d-fischer/deprecate": ["@d-fischer/deprecate@2.0.2", "", {}, "sha512-wlw3HwEanJFJKctwLzhfOM6LKwR70FPfGZGoKOhWBKyOPXk+3a9Cc6S9zhm6tka7xKtpmfxVIReGUwPnMbIaZg=="],

    "@d-fischer/detect-node": ["@d-fischer/detect-node@3.0.1", "", {}, "sha512-0Rf3XwTzuTh8+oPZW9SfxTIiL+26RRJ0BRPwj5oVjZFyFKmsj9RGfN2zuTRjOuA3FCK/jYm06HOhwNK+8Pfv8w=="],

    "@d-fischer/escape-string-regexp": ["@d-fischer/escape-string-regexp@5.0.0", "", {}, "sha512-7eoxnxcto5eVPW5h1T+ePnVFukmI9f/ZR9nlBLh1t3kyzJDUNor2C+YW9H/Terw3YnbZSDgDYrpCJCHtOtAQHw=="],

    "@d-fischer/isomorphic-ws": ["@d-fischer/isomorphic-ws@7.0.2", "", { "peerDependencies": { "ws": "^8.2.0" } }, "sha512-xK+qIJUF0ne3dsjq5Y3BviQ4M+gx9dzkN+dPP7abBMje4YRfow+X9jBgeEoTe5e+Q6+8hI9R0b37Okkk8Vf0hQ=="],

    "@d-fischer/logger": ["@d-fischer/logger@4.2.4", "", { "dependencies": { "@d-fischer/detect-node": "^3.0.1", "@d-fischer/shared-utils": "^3.6.1", "tslib": "^2.5.0" } }, "sha512-TFMZ/SVW8xyQtyJw9Rcuci4betSKy0qbQn2B5+1+72vVXeO8Qb1pYvuwF5qr0vDGundmSWq7W8r19nVPnXXSvA=="],

    "@d-fischer/rate-limiter": ["@d-fischer/rate-limiter@1.1.0", "", { "dependencies": { "@d-fischer/logger": "^4.2.3", "@d-fischer/shared-utils": "^3.6.3", "tslib": "^2.6.2" } }, "sha512-O5HgACwApyCZhp4JTEBEtbv/W3eAwEkrARFvgWnEsDmXgCMWjIHwohWoHre5BW6IYXFSHBGsuZB/EvNL3942kQ=="],

    "@d-fischer/shared-utils": ["@d-fischer/shared-utils@3.6.4", "", { "dependencies": { "tslib": "^2.4.1" } }, "sha512-BPkVLHfn2Lbyo/ENDBwtEB8JVQ+9OzkjJhUunLaxkw4k59YFlQxUUwlDBejVSFcpQT0t+D3CQlX+ySZnQj0wxw=="],

    "@d-fischer/typed-event-emitter": ["@d-fischer/typed-event-emitter@3.3.3", "", { "dependencies": { "tslib": "^2.4.0" } }, "sha512-OvSEOa8icfdWDqcRtjSEZtgJTFOFNgTjje7zaL0+nAtu2/kZtRCSK5wUMrI/aXtCH8o0Qz2vA8UqkhWUTARFQQ=="],

    "@twurple/api-call": ["@twurple/api-call@8.1.2", "", { "dependencies": { "@d-fischer/shared-utils": "^3.6.1", "@twurple/common": "8.1.2", "tslib": "^2.0.3" } }, "sha512-lIGBcqIbL/5sji9nDZ5tdThIi6okgglTIzYn+himcZvxGEKntwj+kaCXKFHklAC5DFMr7k8PP3mxY3IzH2lHFA=="],

    "@twurple/auth": ["@twurple/auth@8.1.2", "", { "dependencies": { "@d-fischer/logger": "^4.2.1", "@d-fischer/shared-utils": "^3.6.1", "@d-fischer/typed-event-emitter": "^3.3.3", "@twurple/api-call": "8.1.2", "@twurple/common": "8.1.2", "tslib": "^2.0.3" } }, "sha512-oicwUnHZu9VkPhSIv3ODhJyrL8x7zX9ZyP1vRhPYmuw+Uqn9nR2KgmtchapjVkjLF0hvLLtxx1287YHDFTK3og=="],

    "@twurple/chat": ["@twurple/chat@8.1.2", "", { "dependencies": { "@d-fischer/cache-decorators": "^4.0.0", "@d-fischer/deprecate": "^2.0.2", "@d-fischer/logger": "^4.2.1", "@d-fischer/rate-limiter": "^1.1.0", "@d-fischer/shared-utils": "^3.6.1", "@d-fischer/typed-event-emitter": "^3.3.3", "@twurple/common": "8.1.2", "ircv3": "^0.33.0", "tslib": "^2.0.3" }, "peerDependencies": { "@twurple/auth": "8.1.2" } }, "sha512-+AvgfeFRFRrpBX3mscxP0742xY0j2SOi1Cz3ggH1pR0Ln+32roiwicHTxXr4RJEGCAxHMKYR8Q6WueTpls1KbQ=="],

    "@twurple/common": ["@twurple/common@8.1.2", "", { "dependencies": { "@d-fischer/shared-utils": "^3.6.1", "klona": "^2.0.4", "tslib": "^2.0.3" } }, "sha512-U0mKLKe4w4Nqdnsiz3s1un11y+yJcc76y0IErzImajNcDKsAEJvNDPnm2BahSlP2MAueotugP8EwUXcs1MmP9Q=="],

    "@types/bun": ["@types/bun@1.3.11", "", { "dependencies": { "bun-types": "1.3.11" } }, "sha512-5vPne5QvtpjGpsGYXiFyycfpDF2ECyPcTSsFBMa0fraoxiQyMJ3SmuQIGhzPg2WJuWxVBoxWJ2kClYTcw/4fAg=="],

    "@types/node": ["@types/node@25.5.0", "", { "dependencies": { "undici-types": "~7.18.0" } }, "sha512-jp2P3tQMSxWugkCUKLRPVUpGaL5MVFwF8RDuSRztfwgN1wmqJeMSbKlnEtQqU8UrhTmzEmZdu2I6v2dpp7XIxw=="],

    "@types/ws": ["@types/ws@8.18.1", "", { "dependencies": { "@types/node": "*" } }, "sha512-ThVF6DCVhA8kUGy+aazFQ4kXQ7E1Ty7A3ypFOe0IcJV8O/M511G99AW24irKrW56Wt44yG9+ij8FaqoBGkuBXg=="],

    "ajv": ["ajv@8.18.0", "", { "dependencies": { "fast-deep-equal": "^3.1.3", "fast-uri": "^3.0.1", "json-schema-traverse": "^1.0.0", "require-from-string": "^2.0.2" } }, "sha512-PlXPeEWMXMZ7sPYOHqmDyCJzcfNrUr3fGNKtezX14ykXOEIvyK81d+qydx89KY5O71FKMPaQ2vBfBFI5NHR63A=="],

    "bun-types": ["bun-types@1.3.11", "", { "dependencies": { "@types/node": "*" } }, "sha512-1KGPpoxQWl9f6wcZh57LvrPIInQMn2TQ7jsgxqpRzg+l0QPOFvJVH7HmvHo/AiPgwXy+/Thf6Ov3EdVn1vOabg=="],

    "fast-deep-equal": ["fast-deep-equal@3.1.3", "", {}, "sha512-f3qQ9oQy9j2AhBe/H9VC91wLmKBCCU/gDOnKNAYG5hswO7BLKj09Hc5HYNz9cGI++xlpDCIgDaitVs03ATR84Q=="],

    "fast-uri": ["fast-uri@3.1.0", "", {}, "sha512-iPeeDKJSWf4IEOasVVrknXpaBV0IApz/gp7S2bb7Z4Lljbl2MGJRqInZiUrQwV16cpzw/D3S5j5Julj/gT52AA=="],

    "ircv3": ["ircv3@0.33.1", "", { "dependencies": { "@d-fischer/connection": "^10.0.1", "@d-fischer/escape-string-regexp": "^5.0.0", "@d-fischer/logger": "^4.2.1", "@d-fischer/shared-utils": "^3.5.0", "@d-fischer/typed-event-emitter": "^3.3.0", "klona": "^2.0.5", "tslib": "^2.4.1" } }, "sha512-FPUj/q6zsLgIX6QDdLMjPRBObw0xK+k6eiI62dcTRwdl5aezYV0nuMhpmafyHOD6ZDqfw8DW4ayrvDfmYO65JQ=="],

    "json-schema-traverse": ["json-schema-traverse@1.0.0", "", {}, "sha512-NM8/P9n3XjXhIZn1lLhkFaACTOURQXjWhV4BA/RnOv8xvgqtqpAX9IO4mRQxSx1Rlo4tqzeqb0sOlruaOy3dug=="],

    "klona": ["klona@2.0.6", "", {}, "sha512-dhG34DXATL5hSxJbIexCft8FChFXtmskoZYnoPWjXQuebWYCNkVeV3KkGegCK9CP1oswI/vQibS2GY7Em/sJJA=="],

    "prettier": ["prettier@3.8.1", "", { "bin": { "prettier": "bin/prettier.cjs" } }, "sha512-UOnG6LftzbdaHZcKoPFtOcCKztrQ57WkHDeRD9t/PTQtmT0NHSeWWepj6pS0z/N7+08BHFDQVUrfmfMRcZwbMg=="],

    "require-from-string": ["require-from-string@2.0.2", "", {}, "sha512-Xf0nWe6RseziFMu+Ap9biiUbmplq6S9/p+7w7YXP/JBHhrUDDUhwa+vANyubuqfZWTveU//DYVGsDG7RKL/vEw=="],

    "tslib": ["tslib@2.8.1", "", {}, "sha512-oJFu94HQb+KVduSUQL7wnpmqnfmLsOA/nAh6b6EH0wCEoK0/mPeXU6c3wKDV83MkOuHPRHtSXKKU99IBazS/2w=="],

    "typescript": ["typescript@5.9.3", "", { "bin": { "tsc": "bin/tsc", "tsserver": "bin/tsserver" } }, "sha512-jl1vZzPDinLr9eUt3J/t7V6FgNEw9QjvBPdysz9KfQDD41fQrC2Y4vKQdiaUpFT4bXlb1RHhLpp8wtm6M5TgSw=="],

    "undici-types": ["undici-types@7.18.2", "", {}, "sha512-AsuCzffGHJybSaRrmr5eHr81mwJU3kjw6M+uprWvCXiNeN9SOGwQ3Jn8jb8m3Z6izVgknn1R0FTCEAP2QrLY/w=="],

    "ws": ["ws@8.20.0", "", { "peerDependencies": { "bufferutil": "^4.0.1", "utf-8-validate": ">=5.0.2" }, "optionalPeers": ["bufferutil", "utf-8-validate"] }, "sha512-sAt8BhgNbzCtgGbt2OxmpuryO63ZoDk/sqaB/znQm94T4fCEsy/yV+7CdC1kJhOU9lboAEU7R3kquuycDoibVA=="],

    "@d-fischer/connection/@types/node": ["@types/node@20.19.37", "", { "dependencies": { "undici-types": "~6.21.0" } }, "sha512-8kzdPJ3FsNsVIurqBs7oodNnCEVbni9yUEkaHbgptDACOPW04jimGagZ51E6+lXUwJjgnBw+hyko/lkFWCldqw=="],

    "@d-fischer/connection/@types/node/undici-types": ["undici-types@6.21.0", "", {}, "sha512-iwDZqg0QAGrg9Rav5H4n0M64c3mkR59cJ6wQp+7C4nI0gsmExaedaYLNO44eT4AtBBwjbTiGPMlt2Md0T9H9JQ=="],
  }
}
